
Microsoft Visual Studio Solution File, Format Version 12.00
# Visual Studio Version 16
VisualStudioVersion = 16.0.31005.135
MinimumVisualStudioVersion = 10.0.40219.1
Project("{2150E333-8FDC-42A3-9474-1A3956D46DE8}") = "1 - API", "1 - API", "{36B490F6-5D51-46E0-9752-28649A715128}"
EndProject
Project("{2150E333-8FDC-42A3-9474-1A3956D46DE8}") = "2 - Applications", "2 - Applications", "{BCB4DB9E-9A3C-4B42-9310-191A0C75CDF5}"
EndProject
Project("{2150E333-8FDC-42A3-9474-1A3956D46DE8}") = "3 - Domain", "3 - Domain", "{C10DFBC3-6D92-481C-84EA-8CAFF51D6F34}"
EndProject
Project("{2150E333-8FDC-42A3-9474-1A3956D46DE8}") = "5 - Infra", "5 - Infra", "{1470E39F-A2ED-4B1B-8B19-E0F29D805295}"
EndProject
Project("{9A19103F-16F7-4668-BE54-9A1E7A4F7556}") = "AS.Api", "src\AS.Api\AS.Api.csproj", "{BFDE9029-ADA6-43E6-9E00-2E3B726A7007}"
EndProject
Project("{9A19103F-16F7-4668-BE54-9A1E7A4F7556}") = "AS.Application", "src\AS.Application\AS.Application.csproj", "{92FEFD1C-6D80-4985-9C9D-716140E7C667}"
EndProject
Project("{9A19103F-16F7-4668-BE54-9A1E7A4F7556}") = "AS.Domain", "src\AS.Domain\AS.Domain.csproj", "{86155238-3DB3-4F48-922A-83EE027749E6}"
EndProject
Project("{9A19103F-16F7-4668-BE54-9A1E7A4F7556}") = "AS.Infra.Data", "src\AS.Infra.Data\AS.Infra.Data.csproj", "{3F08583C-574E-4FD3-809F-F5ED2B78D70B}"
EndProject
Project("{9A19103F-16F7-4668-BE54-9A1E7A4F7556}") = "AS.Infra.Shared", "src\AS.Infra.Shared\AS.Infra.Shared.csproj", "{F8745501-AFB5-4664-A9E3-496027749477}"
EndProject
Project("{9A19103F-16F7-4668-BE54-9A1E7A4F7556}") = "AS.Infra.IoC", "src\AS.Infra.IoC\AS.Infra.IoC.csproj", "{3338B14D-C5CC-4DB5-AF16-12B07504E21C}"
EndProject
Project("{2150E333-8FDC-42A3-9474-1A3956D46DE8}") = "4 - Services", "4 - Services", "{A6F71516-88C6-4FF3-8C32-B6D1DF766C60}"
EndProject
Project("{9A19103F-16F7-4668-BE54-9A1E7A4F7556}") = "AS.Service.Identity", "src\AS.Service.Identity\AS.Service.Identity.csproj", "{2D844FA7-0EE9-400D-8065-19C9CFFA94EE}"
EndProject
Project("{FAE04EC0-301F-11D3-BF4B-00C04F79EFBC}") = "AS.Infra.Bus", "src\AS.Infra.Bus\AS.Infra.Bus.csproj", "{931171F8-A731-46F4-81E4-679B4D5E9598}"
EndProject
Global
	GlobalSection(SolutionConfigurationPlatforms) = preSolution
		Debug|Any CPU = Debug|Any CPU
		Release|Any CPU = Release|Any CPU
	EndGlobalSection
	GlobalSection(ProjectConfigurationPlatforms) = postSolution
		{BFDE9029-ADA6-43E6-9E00-2E3B726A7007}.Debug|Any CPU.ActiveCfg = Debug|Any CPU
		{BFDE9029-ADA6-43E6-9E00-2E3B726A7007}.Debug|Any CPU.Build.0 = Debug|Any CPU
		{BFDE9029-ADA6-43E6-9E00-2E3B726A7007}.Release|Any CPU.ActiveCfg = Release|Any CPU
		{BFDE9029-ADA6-43E6-9E00-2E3B726A7007}.Release|Any CPU.Build.0 = Release|Any CPU
		{92FEFD1C-6D80-4985-9C9D-716140E7C667}.Debug|Any CPU.ActiveCfg = Debug|Any CPU
		{92FEFD1C-6D80-4985-9C9D-716140E7C667}.Debug|Any CPU.Build.0 = Debug|Any CPU
		{92FEFD1C-6D80-4985-9C9D-716140E7C667}.Release|Any CPU.ActiveCfg = Release|Any CPU
		{92FEFD1C-6D80-4985-9C9D-716140E7C667}.Release|Any CPU.Build.0 = Release|Any CPU
		{86155238-3DB3-4F48-922A-83EE027749E6}.Debug|Any CPU.ActiveCfg = Debug|Any CPU
		{86155238-3DB3-4F48-922A-83EE027749E6}.Debug|Any CPU.Build.0 = Debug|Any CPU
		{86155238-3DB3-4F48-922A-83EE027749E6}.Release|Any CPU.ActiveCfg = Release|Any CPU
		{86155238-3DB3-4F48-922A-83EE027749E6}.Release|Any CPU.Build.0 = Release|Any CPU
		{3F08583C-574E-4FD3-809F-F5ED2B78D70B}.Debug|Any CPU.ActiveCfg = Debug|Any CPU
		{3F08583C-574E-4FD3-809F-F5ED2B78D70B}.Debug|Any CPU.Build.0 = Debug|Any CPU
		{3F08583C-574E-4FD3-809F-F5ED2B78D70B}.Release|Any CPU.ActiveCfg = Release|Any CPU
		{3F08583C-574E-4FD3-809F-F5ED2B78D70B}.Release|Any CPU.Build.0 = Release|Any CPU
		{F8745501-AFB5-4664-A9E3-496027749477}.Debug|Any CPU.ActiveCfg = Debug|Any CPU
		{F8745501-AFB5-4664-A9E3-496027749477}.Debug|Any CPU.Build.0 = Debug|Any CPU
		{F8745501-AFB5-4664-A9E3-496027749477}.Release|Any CPU.ActiveCfg = Release|Any CPU
		{F8745501-AFB5-4664-A9E3-496027749477}.Release|Any CPU.Build.0 = Release|Any CPU
		{3338B14D-C5CC-4DB5-AF16-12B07504E21C}.Debug|Any CPU.ActiveCfg = Debug|Any CPU
		{3338B14D-C5CC-4DB5-AF16-12B07504E21C}.Debug|Any CPU.Build.0 = Debug|Any CPU
		{3338B14D-C5CC-4DB5-AF16-12B07504E21C}.Release|Any CPU.ActiveCfg = Release|Any CPU
		{3338B14D-C5CC-4DB5-AF16-12B07504E21C}.Release|Any CPU.Build.0 = Release|Any CPU
		{2D844FA7-0EE9-400D-8065-19C9CFFA94EE}.Debug|Any CPU.ActiveCfg = Debug|Any CPU
		{2D844FA7-0EE9-400D-8065-19C9CFFA94EE}.Debug|Any CPU.Build.0 = Debug|Any CPU
		{2D844FA7-0EE9-400D-8065-19C9CFFA94EE}.Release|Any CPU.ActiveCfg = Release|Any CPU
		{2D844FA7-0EE9-400D-8065-19C9CFFA94EE}.Release|Any CPU.Build.0 = Release|Any CPU
		{931171F8-A731-46F4-81E4-679B4D5E9598}.Debug|Any CPU.ActiveCfg = Debug|Any CPU
		{931171F8-A731-46F4-81E4-679B4D5E9598}.Debug|Any CPU.Build.0 = Debug|Any CPU
		{931171F8-A731-46F4-81E4-679B4D5E9598}.Release|Any CPU.ActiveCfg = Release|Any CPU
		{931171F8-A731-46F4-81E4-679B4D5E9598}.Release|Any CPU.Build.0 = Release|Any CPU
	EndGlobalSection
	GlobalSection(SolutionProperties) = preSolution
		HideSolutionNode = FALSE
	EndGlobalSection
	GlobalSection(NestedProjects) = preSolution
		{BFDE9029-ADA6-43E6-9E00-2E3B726A7007} = {36B490F6-5D51-46E0-9752-28649A715128}
		{92FEFD1C-6D80-4985-9C9D-716140E7C667} = {BCB4DB9E-9A3C-4B42-9310-191A0C75CDF5}
		{86155238-3DB3-4F48-922A-83EE027749E6} = {C10DFBC3-6D92-481C-84EA-8CAFF51D6F34}
		{3F08583C-574E-4FD3-809F-F5ED2B78D70B} = {1470E39F-A2ED-4B1B-8B19-E0F29D805295}
		{F8745501-AFB5-4664-A9E3-496027749477} = {1470E39F-A2ED-4B1B-8B19-E0F29D805295}
		{3338B14D-C5CC-4DB5-AF16-12B07504E21C} = {1470E39F-A2ED-4B1B-8B19-E0F29D805295}
		{2D844FA7-0EE9-400D-8065-19C9CFFA94EE} = {A6F71516-88C6-4FF3-8C32-B6D1DF766C60}
		{931171F8-A731-46F4-81E4-679B4D5E9598} = {1470E39F-A2ED-4B1B-8B19-E0F29D805295}
	EndGlobalSection
	GlobalSection(ExtensibilityGlobals) = postSolution
		SolutionGuid = {10819E7B-E43B-423D-9CD2-59D053C57FAC}
	EndGlobalSection
EndGlobal
